{
  "name": "PUBLIC_Fantasy-Football-Divisional-Rivals-Scheduler",
  "lockfileVersion": 3,
  "requires": true,
  "packages": {
    "": {
      "dependencies": {
        "fantasy-football-divisional-rivals-scheduler": "^1.0.2"
      }
    },
    "node_modules/fantasy-football-divisional-rivals-scheduler": {
      "version": "1.0.3",
      "resolved": "https://registry.npmjs.org/fantasy-football-divisional-rivals-scheduler/-/fantasy-football-divisional-rivals-scheduler-1.0.3.tgz",
      "integrity": "sha512-Ed75C23No9icLkmZ65FCoBh03pU+A+r535j28yvjvjyqqOMvX7n4Moobu8xWPeNeOITTX0rZ1lhbT4XTQMDOsg==",
      "license": "ISC"
    }
  }
}
