{
  "name": "PUBLIC_Fantasy-Football-Divisional-Rivals-Scheduler",
  "lockfileVersion": 3,
  "requires": true,
  "packages": {
    "": {
      "dependencies": {
        "fantasy-football-divisional-rivals-scheduler": "^1.0.2"
      }
    },
    "node_modules/fantasy-football-divisional-rivals-scheduler": {
      "version": "1.0.2",
      "resolved": "https://registry.npmjs.org/fantasy-football-divisional-rivals-scheduler/-/fantasy-football-divisional-rivals-scheduler-1.0.2.tgz",
      "integrity": "sha512-iN62VFpdQZcdQy6DDaDu9lKnRSVn4JRECYdRr9hJYwUxzMMwgxMBGiyAfy6Mpe7hHiBRPEcV4nG4B7jLVFoVpA==",
      "license": "ISC"
    }
  }
}
